<?xml version="1.0" encoding="utf-8"?>
<Project ToolsVersion="4.0" xmlns="http://schemas.microsoft.com/developer/msbuild/2003">
  <ItemGroup>
    <Filter Include="Source Files">
      <UniqueIdentifier>{4FC737F1-C7A5-4376-A066-2A32D752A2FF}</UniqueIdentifier>
      <Extensions>cpp;c;cc;cxx;def;odl;idl;hpj;bat;asm;asmx</Extensions>
    </Filter>
    <Filter Include="Header Files">
      <UniqueIdentifier>{93995380-89BD-4b04-88EB-625FBE52EBFB}</UniqueIdentifier>
      <Extensions>h;hpp;hxx;hm;inl;inc;xsd</Extensions>
    </Filter>
    <Filter Include="Resource Files">
      <UniqueIdentifier>{67DA6AB6-F800-4c08-8B7A-83BB121AAD01}</UniqueIdentifier>
      <Extensions>rc;ico;cur;bmp;dlg;rc2;rct;bin;rgs;gif;jpg;jpeg;jpe;resx;tiff;tif;png;wav;mfcribbon-ms</Extensions>
    </Filter>
    <Filter Include="shader">
      <UniqueIdentifier>{4b30e02b-c253-4efa-8c32-4e1f0f722b6a}</UniqueIdentifier>
    </Filter>
  </ItemGroup>
  <ItemGroup>
    <ClCompile Include="main.cpp">
      <Filter>Source Files</Filter>
    </ClCompile>
    <ClCompile Include="JMesh.cpp">
      <Filter>Source Files</Filter>
    </ClCompile>
    <ClCompile Include="JShape.cpp">
      <Filter>Source Files</Filter>
    </ClCompile>
    <ClCompile Include="JLinearAlgebra.cpp">
      <Filter>Source Files</Filter>
    </ClCompile>
    <ClCompile Include="JFBOManager.cpp">
      <Filter>Source Files</Filter>
    </ClCompile>
    <ClCompile Include="JSingleton.cpp">
      <Filter>Source Files</Filter>
    </ClCompile>
    <ClCompile Include="JCamera.cpp">
      <Filter>Source Files</Filter>
    </ClCompile>
    <ClCompile Include="JLevel.cpp">
      <Filter>Source Files</Filter>
    </ClCompile>
    <ClCompile Include="JTextureManager.cpp">
      <Filter>Source Files</Filter>
    </ClCompile>
    <ClCompile Include="JProgramManager.cpp">
      <Filter>Source Files</Filter>
    </ClCompile>
    <ClCompile Include="JMaterial.cpp">
      <Filter>Source Files</Filter>
    </ClCompile>
    <ClCompile Include="JGlobalVariables.cpp">
      <Filter>Source Files</Filter>
    </ClCompile>
    <ClCompile Include="JSkinCluster.cpp">
      <Filter>Source Files</Filter>
    </ClCompile>
  </ItemGroup>
  <ItemGroup>
    <ClInclude Include="JMesh.h">
      <Filter>Header Files</Filter>
    </ClInclude>
    <ClInclude Include="JLevel.h">
      <Filter>Header Files</Filter>
    </ClInclude>
    <ClInclude Include="JCamera.h">
      <Filter>Header Files</Filter>
    </ClInclude>
    <ClInclude Include="JLinearAlgebra.h">
      <Filter>Header Files</Filter>
    </ClInclude>
    <ClInclude Include="JFBOManager.h">
      <Filter>Header Files</Filter>
    </ClInclude>
    <ClInclude Include="JShape.h">
      <Filter>Header Files</Filter>
    </ClInclude>
    <ClInclude Include="JTextureManager.h">
      <Filter>Header Files</Filter>
    </ClInclude>
    <ClInclude Include="JMaterial.h">
      <Filter>Header Files</Filter>
    </ClInclude>
    <ClInclude Include="JSingleton.h">
      <Filter>Header Files</Filter>
    </ClInclude>
    <ClInclude Include="JProgramManager.h">
      <Filter>Header Files</Filter>
    </ClInclude>
    <ClInclude Include="JGlobalVariables.h">
      <Filter>Header Files</Filter>
    </ClInclude>
    <ClInclude Include="JSkinCluster.h">
      <Filter>Header Files</Filter>
    </ClInclude>
  </ItemGroup>
  <ItemGroup>
    <None Include="diffuse.vert">
      <Filter>shader</Filter>
    </None>
    <None Include="diffuse.frag">
      <Filter>shader</Filter>
    </None>
    <None Include="deferred.frag">
      <Filter>shader</Filter>
    </None>
    <None Include="deferred.vert">
      <Filter>shader</Filter>
    </None>
    <None Include="texunlit.frag">
      <Filter>shader</Filter>
    </None>
    <None Include="texunlit.vert">
      <Filter>shader</Filter>
    </None>
    <None Include="dirShadow.frag">
      <Filter>shader</Filter>
    </None>
    <None Include="dirShadow.vert">
      <Filter>shader</Filter>
    </None>
    <None Include="finalDeferred.vert">
      <Filter>shader</Filter>
    </None>
    <None Include="finalDeferred.frag">
      <Filter>shader</Filter>
    </None>
  </ItemGroup>
</Project>